
Microsoft Visual Studio Solution File, Format Version 11.00
# Visual Studio 2010
Project("{FAE04EC0-301F-11D3-BF4B-00C04F79EFBC}") = "Ev3Libs", "Ev3Libs\Ev3Libs.csproj", "{033827F8-0DAB-4722-82EC-FF58ABA548B4}"
EndProject
Global
	GlobalSection(SolutionConfigurationPlatforms) = preSolution
		Debug|Any CPU = Debug|Any CPU
		Release|Any CPU = Release|Any CPU
	EndGlobalSection
	GlobalSection(ProjectConfigurationPlatforms) = postSolution
		{033827F8-0DAB-4722-82EC-FF58ABA548B4}.Debug|Any CPU.ActiveCfg = Debug|Any CPU
		{033827F8-0DAB-4722-82EC-FF58ABA548B4}.Debug|Any CPU.Build.0 = Debug|Any CPU
		{033827F8-0DAB-4722-82EC-FF58ABA548B4}.Release|Any CPU.ActiveCfg = Release|Any CPU
		{033827F8-0DAB-4722-82EC-FF58ABA548B4}.Release|Any CPU.Build.0 = Release|Any CPU
	EndGlobalSection
	GlobalSection(SolutionProperties) = preSolution
		HideSolutionNode = FALSE
	EndGlobalSection
EndGlobal
